Microsoft Visual Studio Solution File, Format Version 12.00
# Visual Studio 2012
Project("{8BC9CEB8-8B4A-11D0-8D11-00A0C91BC942}") = "atari", "atari\atari.vcxproj", "{63823510-60E7-3C67-A568-E4A794BA796D}"
EndProject
Project("{8BC9CEB8-8B4A-11D0-8D11-00A0C91BC942}") = "cute56", "display\cute56.vcxproj", "{A1788692-849B-3A90-A8AA-5FC9F64FB5C4}"
	ProjectSection(ProjectDependencies) = postProject
		{1C167CF2-EC25-3A2E-AFF8-6D4C45DBDD6E} = {1C167CF2-EC25-3A2E-AFF8-6D4C45DBDD6E}
	EndProjectSection
EndProject
Project("{8BC9CEB8-8B4A-11D0-8D11-00A0C91BC942}") = "dsp", "dsplib\dsp.vcxproj", "{1C167CF2-EC25-3A2E-AFF8-6D4C45DBDD6E}"
EndProject
Global
	GlobalSection(SolutionConfigurationPlatforms) = preSolution
		Debug|Win32 = Debug|Win32
		Debug|x64 = Debug|x64
		Release|Win32 = Release|Win32
		Release|x64 = Release|x64
	EndGlobalSection
	GlobalSection(ProjectConfigurationPlatforms) = postSolution
		{63823510-60E7-3C67-A568-E4A794BA796D}.Debug|Win32.ActiveCfg = Debug|Win32
		{63823510-60E7-3C67-A568-E4A794BA796D}.Debug|Win32.Build.0 = Debug|Win32
		{63823510-60E7-3C67-A568-E4A794BA796D}.Debug|x64.ActiveCfg = Debug|x64
		{63823510-60E7-3C67-A568-E4A794BA796D}.Debug|x64.Build.0 = Debug|x64
		{63823510-60E7-3C67-A568-E4A794BA796D}.Release|Win32.ActiveCfg = Release|Win32
		{63823510-60E7-3C67-A568-E4A794BA796D}.Release|Win32.Build.0 = Release|Win32
		{63823510-60E7-3C67-A568-E4A794BA796D}.Release|x64.ActiveCfg = Release|x64
		{63823510-60E7-3C67-A568-E4A794BA796D}.Release|x64.Build.0 = Release|x64
		{A1788692-849B-3A90-A8AA-5FC9F64FB5C4}.Debug|Win32.ActiveCfg = Debug|Win32
		{A1788692-849B-3A90-A8AA-5FC9F64FB5C4}.Debug|Win32.Build.0 = Debug|Win32
		{A1788692-849B-3A90-A8AA-5FC9F64FB5C4}.Debug|x64.ActiveCfg = Debug|x64
		{A1788692-849B-3A90-A8AA-5FC9F64FB5C4}.Debug|x64.Build.0 = Debug|x64
		{A1788692-849B-3A90-A8AA-5FC9F64FB5C4}.Release|Win32.ActiveCfg = Release|Win32
		{A1788692-849B-3A90-A8AA-5FC9F64FB5C4}.Release|Win32.Build.0 = Release|Win32
		{A1788692-849B-3A90-A8AA-5FC9F64FB5C4}.Release|x64.ActiveCfg = Release|x64
		{A1788692-849B-3A90-A8AA-5FC9F64FB5C4}.Release|x64.Build.0 = Release|x64
		{1C167CF2-EC25-3A2E-AFF8-6D4C45DBDD6E}.Debug|Win32.ActiveCfg = Debug|Win32
		{1C167CF2-EC25-3A2E-AFF8-6D4C45DBDD6E}.Debug|Win32.Build.0 = Debug|Win32
		{1C167CF2-EC25-3A2E-AFF8-6D4C45DBDD6E}.Debug|x64.ActiveCfg = Debug|x64
		{1C167CF2-EC25-3A2E-AFF8-6D4C45DBDD6E}.Debug|x64.Build.0 = Debug|x64
		{1C167CF2-EC25-3A2E-AFF8-6D4C45DBDD6E}.Release|Win32.ActiveCfg = Release|Win32
		{1C167CF2-EC25-3A2E-AFF8-6D4C45DBDD6E}.Release|Win32.Build.0 = Release|Win32
		{1C167CF2-EC25-3A2E-AFF8-6D4C45DBDD6E}.Release|x64.ActiveCfg = Release|x64
		{1C167CF2-EC25-3A2E-AFF8-6D4C45DBDD6E}.Release|x64.Build.0 = Release|x64
	EndGlobalSection
	GlobalSection(SolutionProperties) = preSolution
		HideSolutionNode = FALSE
	EndGlobalSection
	GlobalSection(ExtensibilityGlobals) = postSolution
		Qt5Version = msvc2012_64_opengl
	EndGlobalSection
EndGlobal
